
Microsoft Visual Studio Solution File, Format Version 12.00
# Visual Studio Version 16
VisualStudioVersion = 16.0.31410.357
MinimumVisualStudioVersion = 10.0.40219.1
Project("{9A19103F-16F7-4668-BE54-9A1E7A4F7556}") = "Curso.Arquitetura.Backend", "Curso Arquitetura Backend\Curso.Arquitetura.Backend.csproj", "{658FCAA9-3187-46FF-998D-E9274A776435}"
EndProject
Global
	GlobalSection(SolutionConfigurationPlatforms) = preSolution
		Debug|Any CPU = Debug|Any CPU
		Release|Any CPU = Release|Any CPU
	EndGlobalSection
	GlobalSection(ProjectConfigurationPlatforms) = postSolution
		{658FCAA9-3187-46FF-998D-E9274A776435}.Debug|Any CPU.ActiveCfg = Debug|Any CPU
		{658FCAA9-3187-46FF-998D-E9274A776435}.Debug|Any CPU.Build.0 = Debug|Any CPU
		{658FCAA9-3187-46FF-998D-E9274A776435}.Release|Any CPU.ActiveCfg = Release|Any CPU
		{658FCAA9-3187-46FF-998D-E9274A776435}.Release|Any CPU.Build.0 = Release|Any CPU
	EndGlobalSection
	GlobalSection(SolutionProperties) = preSolution
		HideSolutionNode = FALSE
	EndGlobalSection
	GlobalSection(ExtensibilityGlobals) = postSolution
		SolutionGuid = {0036C121-0407-4DC6-81B8-B4E8EFACDB50}
	EndGlobalSection
EndGlobal
